// !$*UTF8*$!
{
	archiveVersion = 1;
	classes = {
	};
	objectVersion = 56;
	objects = {

/* Begin PBXBuildFile section */
		CA905EF62ADA9F5F00A285AA /* Subject.swift in Sources */ = {isa = PBXBuildFile; fileRef = CA905EF52ADA9F5F00A285AA /* Subject.swift */; };
		CA905EF82ADAA96700A285AA /* SubjectViewModel.swift in Sources */ = {isa = PBXBuildFile; fileRef = CA905EF72ADAA96700A285AA /* SubjectViewModel.swift */; };
		CA905EFC2ADAB1E500A285AA /* TopicScreen.swift in Sources */ = {isa = PBXBuildFile; fileRef = CA905EFB2ADAB1E500A285AA /* TopicScreen.swift */; };
		CA905EFE2ADAB47800A285AA /* TopicViewModel.swift in Sources */ = {isa = PBXBuildFile; fileRef = CA905EFD2ADAB47800A285AA /* TopicViewModel.swift */; };
		CA905F002ADAB5F600A285AA /* TopicDetailScreen.swift in Sources */ = {isa = PBXBuildFile; fileRef = CA905EFF2ADAB5F600A285AA /* TopicDetailScreen.swift */; };
		CA905F042ADABF0D00A285AA /* Progress.swift in Sources */ = {isa = PBXBuildFile; fileRef = CA905F032ADABF0D00A285AA /* Progress.swift */; };
		CA905F062ADAC87000A285AA /* loading.json in Resources */ = {isa = PBXBuildFile; fileRef = CA905F052ADAC87000A285AA /* loading.json */; };
		CAC339822AD946A400218943 /* SchoolXApp.swift in Sources */ = {isa = PBXBuildFile; fileRef = CAC339812AD946A400218943 /* SchoolXApp.swift */; };
		CAC339842AD946A400218943 /* ContentView.swift in Sources */ = {isa = PBXBuildFile; fileRef = CAC339832AD946A400218943 /* ContentView.swift */; };
		CAC339862AD946A500218943 /* Assets.xcassets in Resources */ = {isa = PBXBuildFile; fileRef = CAC339852AD946A500218943 /* Assets.xcassets */; };
		CAC339892AD946A500218943 /* Preview Assets.xcassets in Resources */ = {isa = PBXBuildFile; fileRef = CAC339882AD946A500218943 /* Preview Assets.xcassets */; };
		CAC339912AD9518A00218943 /* AuthScreen.swift in Sources */ = {isa = PBXBuildFile; fileRef = CAC339902AD9518A00218943 /* AuthScreen.swift */; };
		CAC339962AD953D400218943 /* FirebaseAnalytics in Frameworks */ = {isa = PBXBuildFile; productRef = CAC339952AD953D400218943 /* FirebaseAnalytics */; };
		CAC339982AD953D400218943 /* FirebaseAnalyticsOnDeviceConversion in Frameworks */ = {isa = PBXBuildFile; productRef = CAC339972AD953D400218943 /* FirebaseAnalyticsOnDeviceConversion */; };
		CAC3399A2AD953D400218943 /* FirebaseAnalyticsSwift in Frameworks */ = {isa = PBXBuildFile; productRef = CAC339992AD953D400218943 /* FirebaseAnalyticsSwift */; };
		CAC3399C2AD953D400218943 /* FirebaseAnalyticsWithoutAdIdSupport in Frameworks */ = {isa = PBXBuildFile; productRef = CAC3399B2AD953D400218943 /* FirebaseAnalyticsWithoutAdIdSupport */; };
		CAC3399E2AD953D400218943 /* FirebaseAppCheck in Frameworks */ = {isa = PBXBuildFile; productRef = CAC3399D2AD953D400218943 /* FirebaseAppCheck */; };
		CAC339A02AD95C3300218943 /* AuthEmailScreen.swift in Sources */ = {isa = PBXBuildFile; fileRef = CAC3399F2AD95C3300218943 /* AuthEmailScreen.swift */; };
		CAC339A22AD95DD800218943 /* AuthManager.swift in Sources */ = {isa = PBXBuildFile; fileRef = CAC339A12AD95DD800218943 /* AuthManager.swift */; };
		CAC339A52AD95DEA00218943 /* FirebaseAuth in Frameworks */ = {isa = PBXBuildFile; productRef = CAC339A42AD95DEA00218943 /* FirebaseAuth */; };
		CAC339A72AD95E5300218943 /* SignInAppleHelper.swift in Sources */ = {isa = PBXBuildFile; fileRef = CAC339A62AD95E5300218943 /* SignInAppleHelper.swift */; };
		CAC339A92AD95E6300218943 /* Utils.swift in Sources */ = {isa = PBXBuildFile; fileRef = CAC339A82AD95E6300218943 /* Utils.swift */; };
		CAC339AB2AD9601F00218943 /* AuthenticationViewModel.swift in Sources */ = {isa = PBXBuildFile; fileRef = CAC339AA2AD9601F00218943 /* AuthenticationViewModel.swift */; };
		CAC339AE2AD9606F00218943 /* User.swift in Sources */ = {isa = PBXBuildFile; fileRef = CAC339AD2AD9606F00218943 /* User.swift */; };
		CAC339B02AD9613600218943 /* SignInGoogleHelper.swift in Sources */ = {isa = PBXBuildFile; fileRef = CAC339AF2AD9613600218943 /* SignInGoogleHelper.swift */; };
		CAC339B32AD961A200218943 /* GoogleSignIn in Frameworks */ = {isa = PBXBuildFile; productRef = CAC339B22AD961A200218943 /* GoogleSignIn */; };
		CAC339B52AD961A200218943 /* GoogleSignInSwift in Frameworks */ = {isa = PBXBuildFile; productRef = CAC339B42AD961A200218943 /* GoogleSignInSwift */; };
		CAC339B82AD96A7500218943 /* Lottie in Frameworks */ = {isa = PBXBuildFile; productRef = CAC339B72AD96A7500218943 /* Lottie */; };
		CAC339BA2AD9720A00218943 /* FirebaseFirestore in Frameworks */ = {isa = PBXBuildFile; productRef = CAC339B92AD9720A00218943 /* FirebaseFirestore */; };
		CAC339BC2AD9720A00218943 /* FirebaseFirestoreSwift in Frameworks */ = {isa = PBXBuildFile; productRef = CAC339BB2AD9720A00218943 /* FirebaseFirestoreSwift */; };
		CAC339BF2AD9750A00218943 /* LottieAnimation.swift in Sources */ = {isa = PBXBuildFile; fileRef = CAC339BE2AD9750A00218943 /* LottieAnimation.swift */; };
		CAC339C12AD975DB00218943 /* success.json in Resources */ = {isa = PBXBuildFile; fileRef = CAC339C02AD975DB00218943 /* success.json */; };
		CAC339C42AD97C4E00218943 /* AppNavigation.swift in Sources */ = {isa = PBXBuildFile; fileRef = CAC339C32AD97C4E00218943 /* AppNavigation.swift */; };
		CAC339C62AD97C7E00218943 /* SplashScreen.swift in Sources */ = {isa = PBXBuildFile; fileRef = CAC339C52AD97C7E00218943 /* SplashScreen.swift */; };
		CAC339C92AD97F7A00218943 /* HomeScreen.swift in Sources */ = {isa = PBXBuildFile; fileRef = CAC339C82AD97F7A00218943 /* HomeScreen.swift */; };
		CAC339D02ADA5E3F00218943 /* GoogleService-Info.plist in Resources */ = {isa = PBXBuildFile; fileRef = CAC339CF2ADA5E3F00218943 /* GoogleService-Info.plist */; };
		CAC9B2492ADA77510095DCA9 /* TabBarView.swift in Sources */ = {isa = PBXBuildFile; fileRef = CAC9B2482ADA77510095DCA9 /* TabBarView.swift */; };
		CAC9B24D2ADA78C40095DCA9 /* ProfileScreen.swift in Sources */ = {isa = PBXBuildFile; fileRef = CAC9B24C2ADA78C40095DCA9 /* ProfileScreen.swift */; };
		CAC9B24F2ADA78E60095DCA9 /* SubjectScreen.swift in Sources */ = {isa = PBXBuildFile; fileRef = CAC9B24E2ADA78E60095DCA9 /* SubjectScreen.swift */; };
		CAC9B2512ADA78F90095DCA9 /* ProgressScreen.swift in Sources */ = {isa = PBXBuildFile; fileRef = CAC9B2502ADA78F90095DCA9 /* ProgressScreen.swift */; };
		CAC9B2532ADA8FFB0095DCA9 /* EditNameScreen.swift in Sources */ = {isa = PBXBuildFile; fileRef = CAC9B2522ADA8FFB0095DCA9 /* EditNameScreen.swift */; };
/* End PBXBuildFile section */

/* Begin PBXFileReference section */
		CA905EF52ADA9F5F00A285AA /* Subject.swift */ = {isa = PBXFileReference; lastKnownFileType = sourcecode.swift; path = Subject.swift; sourceTree = "<group>"; };
		CA905EF72ADAA96700A285AA /* SubjectViewModel.swift */ = {isa = PBXFileReference; lastKnownFileType = sourcecode.swift; path = SubjectViewModel.swift; sourceTree = "<group>"; };
		CA905EFB2ADAB1E500A285AA /* TopicScreen.swift */ = {isa = PBXFileReference; lastKnownFileType = sourcecode.swift; path = TopicScreen.swift; sourceTree = "<group>"; };
		CA905EFD2ADAB47800A285AA /* TopicViewModel.swift */ = {isa = PBXFileReference; lastKnownFileType = sourcecode.swift; path = TopicViewModel.swift; sourceTree = "<group>"; };
		CA905EFF2ADAB5F600A285AA /* TopicDetailScreen.swift */ = {isa = PBXFileReference; lastKnownFileType = sourcecode.swift; path = TopicDetailScreen.swift; sourceTree = "<group>"; };
		CA905F032ADABF0D00A285AA /* Progress.swift */ = {isa = PBXFileReference; lastKnownFileType = sourcecode.swift; path = Progress.swift; sourceTree = "<group>"; };
		CA905F052ADAC87000A285AA /* loading.json */ = {isa = PBXFileReference; fileEncoding = 4; lastKnownFileType = text.json; path = loading.json; sourceTree = "<group>"; };
		CAC3397E2AD946A400218943 /* SchoolX.app */ = {isa = PBXFileReference; explicitFileType = wrapper.application; includeInIndex = 0; path = SchoolX.app; sourceTree = BUILT_PRODUCTS_DIR; };
		CAC339812AD946A400218943 /* SchoolXApp.swift */ = {isa = PBXFileReference; lastKnownFileType = sourcecode.swift; path = SchoolXApp.swift; sourceTree = "<group>"; };
		CAC339832AD946A400218943 /* ContentView.swift */ = {isa = PBXFileReference; lastKnownFileType = sourcecode.swift; path = ContentView.swift; sourceTree = "<group>"; };
		CAC339852AD946A500218943 /* Assets.xcassets */ = {isa = PBXFileReference; lastKnownFileType = folder.assetcatalog; path = Assets.xcassets; sourceTree = "<group>"; };
		CAC339882AD946A500218943 /* Preview Assets.xcassets */ = {isa = PBXFileReference; lastKnownFileType = folder.assetcatalog; path = "Preview Assets.xcassets"; sourceTree = "<group>"; };
		CAC339902AD9518A00218943 /* AuthScreen.swift */ = {isa = PBXFileReference; lastKnownFileType = sourcecode.swift; path = AuthScreen.swift; sourceTree = "<group>"; };
		CAC3399F2AD95C3300218943 /* AuthEmailScreen.swift */ = {isa = PBXFileReference; lastKnownFileType = sourcecode.swift; path = AuthEmailScreen.swift; sourceTree = "<group>"; };
		CAC339A12AD95DD800218943 /* AuthManager.swift */ = {isa = PBXFileReference; lastKnownFileType = sourcecode.swift; path = AuthManager.swift; sourceTree = "<group>"; };
		CAC339A62AD95E5300218943 /* SignInAppleHelper.swift */ = {isa = PBXFileReference; lastKnownFileType = sourcecode.swift; path = SignInAppleHelper.swift; sourceTree = "<group>"; };
		CAC339A82AD95E6300218943 /* Utils.swift */ = {isa = PBXFileReference; lastKnownFileType = sourcecode.swift; path = Utils.swift; sourceTree = "<group>"; };
		CAC339AA2AD9601F00218943 /* AuthenticationViewModel.swift */ = {isa = PBXFileReference; lastKnownFileType = sourcecode.swift; path = AuthenticationViewModel.swift; sourceTree = "<group>"; };
		CAC339AD2AD9606F00218943 /* User.swift */ = {isa = PBXFileReference; lastKnownFileType = sourcecode.swift; path = User.swift; sourceTree = "<group>"; };
		CAC339AF2AD9613600218943 /* SignInGoogleHelper.swift */ = {isa = PBXFileReference; lastKnownFileType = sourcecode.swift; path = SignInGoogleHelper.swift; sourceTree = "<group>"; };
		CAC339BE2AD9750A00218943 /* LottieAnimation.swift */ = {isa = PBXFileReference; lastKnownFileType = sourcecode.swift; path = LottieAnimation.swift; sourceTree = "<group>"; };
		CAC339C02AD975DB00218943 /* success.json */ = {isa = PBXFileReference; fileEncoding = 4; lastKnownFileType = text.json; path = success.json; sourceTree = "<group>"; };
		CAC339C32AD97C4E00218943 /* AppNavigation.swift */ = {isa = PBXFileReference; lastKnownFileType = sourcecode.swift; path = AppNavigation.swift; sourceTree = "<group>"; };
		CAC339C52AD97C7E00218943 /* SplashScreen.swift */ = {isa = PBXFileReference; lastKnownFileType = sourcecode.swift; path = SplashScreen.swift; sourceTree = "<group>"; };
		CAC339C82AD97F7A00218943 /* HomeScreen.swift */ = {isa = PBXFileReference; lastKnownFileType = sourcecode.swift; path = HomeScreen.swift; sourceTree = "<group>"; };
		CAC339CE2ADA589900218943 /* SchoolX.entitlements */ = {isa = PBXFileReference; lastKnownFileType = text.plist.entitlements; path = SchoolX.entitlements; sourceTree = "<group>"; };
		CAC339CF2ADA5E3F00218943 /* GoogleService-Info.plist */ = {isa = PBXFileReference; fileEncoding = 4; lastKnownFileType = text.plist.xml; path = "GoogleService-Info.plist"; sourceTree = "<group>"; };
		CAC339D12ADA610E00218943 /* Info.plist */ = {isa = PBXFileReference; lastKnownFileType = text.plist; path = Info.plist; sourceTree = "<group>"; };
		CAC9B2482ADA77510095DCA9 /* TabBarView.swift */ = {isa = PBXFileReference; lastKnownFileType = sourcecode.swift; path = TabBarView.swift; sourceTree = "<group>"; };
		CAC9B24C2ADA78C40095DCA9 /* ProfileScreen.swift */ = {isa = PBXFileReference; lastKnownFileType = sourcecode.swift; path = ProfileScreen.swift; sourceTree = "<group>"; };
		CAC9B24E2ADA78E60095DCA9 /* SubjectScreen.swift */ = {isa = PBXFileReference; lastKnownFileType = sourcecode.swift; path = SubjectScreen.swift; sourceTree = "<group>"; };
		CAC9B2502ADA78F90095DCA9 /* ProgressScreen.swift */ = {isa = PBXFileReference; lastKnownFileType = sourcecode.swift; path = ProgressScreen.swift; sourceTree = "<group>"; };
		CAC9B2522ADA8FFB0095DCA9 /* EditNameScreen.swift */ = {isa = PBXFileReference; lastKnownFileType = sourcecode.swift; path = EditNameScreen.swift; sourceTree = "<group>"; };
/* End PBXFileReference section */

/* Begin PBXFrameworksBuildPhase section */
		CAC3397B2AD946A400218943 /* Frameworks */ = {
			isa = PBXFrameworksBuildPhase;
			buildActionMask = 2147483647;
			files = (
				CAC3399A2AD953D400218943 /* FirebaseAnalyticsSwift in Frameworks */,
				CAC339A52AD95DEA00218943 /* FirebaseAuth in Frameworks */,
				CAC339B82AD96A7500218943 /* Lottie in Frameworks */,
				CAC339BA2AD9720A00218943 /* FirebaseFirestore in Frameworks */,
				CAC339962AD953D400218943 /* FirebaseAnalytics in Frameworks */,
				CAC339BC2AD9720A00218943 /* FirebaseFirestoreSwift in Frameworks */,
				CAC339B52AD961A200218943 /* GoogleSignInSwift in Frameworks */,
				CAC339982AD953D400218943 /* FirebaseAnalyticsOnDeviceConversion in Frameworks */,
				CAC3399E2AD953D400218943 /* FirebaseAppCheck in Frameworks */,
				CAC3399C2AD953D400218943 /* FirebaseAnalyticsWithoutAdIdSupport in Frameworks */,
				CAC339B32AD961A200218943 /* GoogleSignIn in Frameworks */,
			);
			runOnlyForDeploymentPostprocessing = 0;
		};
/* End PBXFrameworksBuildPhase section */

/* Begin PBXGroup section */
		CA905F072ADAD25E00A285AA /* Badges */ = {
			isa = PBXGroup;
			children = (
			);
			path = Badges;
			sourceTree = "<group>";
		};
		CAC339752AD946A400218943 = {
			isa = PBXGroup;
			children = (
				CAC339802AD946A400218943 /* SchoolX */,
				CAC3397F2AD946A400218943 /* Products */,
				CAC339A32AD95DEA00218943 /* Frameworks */,
			);
			sourceTree = "<group>";
		};
		CAC3397F2AD946A400218943 /* Products */ = {
			isa = PBXGroup;
			children = (
				CAC3397E2AD946A400218943 /* SchoolX.app */,
			);
			name = Products;
			sourceTree = "<group>";
		};
		CAC339802AD946A400218943 /* SchoolX */ = {
			isa = PBXGroup;
			children = (
				CAC339D12ADA610E00218943 /* Info.plist */,
				CAC339CE2ADA589900218943 /* SchoolX.entitlements */,
				CAC339812AD946A400218943 /* SchoolXApp.swift */,
				CAC339832AD946A400218943 /* ContentView.swift */,
				CAC339C52AD97C7E00218943 /* SplashScreen.swift */,
				CAC9B2472ADA773B0095DCA9 /* Tabs */,
				CAC339C22AD97C3200218943 /* Utils */,
				CAC339BD2AD974FC00218943 /* Lottie */,
				CAC3398F2AD9515A00218943 /* Auth */,
				CAC339C72AD97F7100218943 /* Home */,
				CAC9B24A2ADA78640095DCA9 /* Subject */,
				CAC9B24B2ADA786F0095DCA9 /* Progress */,
				CAC339AC2AD9606000218943 /* User */,
				CAC339852AD946A500218943 /* Assets.xcassets */,
				CAC339CF2ADA5E3F00218943 /* GoogleService-Info.plist */,
				CAC339872AD946A500218943 /* Preview Content */,
			);
			path = SchoolX;
			sourceTree = "<group>";
		};
		CAC339872AD946A500218943 /* Preview Content */ = {
			isa = PBXGroup;
			children = (
				CAC339882AD946A500218943 /* Preview Assets.xcassets */,
			);
			path = "Preview Content";
			sourceTree = "<group>";
		};
		CAC3398F2AD9515A00218943 /* Auth */ = {
			isa = PBXGroup;
			children = (
				CAC339902AD9518A00218943 /* AuthScreen.swift */,
				CAC3399F2AD95C3300218943 /* AuthEmailScreen.swift */,
				CAC339A12AD95DD800218943 /* AuthManager.swift */,
				CAC339A62AD95E5300218943 /* SignInAppleHelper.swift */,
				CAC339AF2AD9613600218943 /* SignInGoogleHelper.swift */,
				CAC339AA2AD9601F00218943 /* AuthenticationViewModel.swift */,
			);
			path = Auth;
			sourceTree = "<group>";
		};
		CAC339A32AD95DEA00218943 /* Frameworks */ = {
			isa = PBXGroup;
			children = (
			);
			name = Frameworks;
			sourceTree = "<group>";
		};
		CAC339AC2AD9606000218943 /* User */ = {
			isa = PBXGroup;
			children = (
				CAC339AD2AD9606F00218943 /* User.swift */,
				CAC9B24C2ADA78C40095DCA9 /* ProfileScreen.swift */,
				CAC9B2522ADA8FFB0095DCA9 /* EditNameScreen.swift */,
			);
			path = User;
			sourceTree = "<group>";
		};
		CAC339BD2AD974FC00218943 /* Lottie */ = {
			isa = PBXGroup;
			children = (
				CAC339BE2AD9750A00218943 /* LottieAnimation.swift */,
				CA905F052ADAC87000A285AA /* loading.json */,
				CAC339C02AD975DB00218943 /* success.json */,
				CA905F072ADAD25E00A285AA /* Badges */,
			);
			path = Lottie;
			sourceTree = "<group>";
		};
		CAC339C22AD97C3200218943 /* Utils */ = {
			isa = PBXGroup;
			children = (
				CAC339A82AD95E6300218943 /* Utils.swift */,
				CAC339C32AD97C4E00218943 /* AppNavigation.swift */,
			);
			path = Utils;
			sourceTree = "<group>";
		};
		CAC339C72AD97F7100218943 /* Home */ = {
			isa = PBXGroup;
			children = (
				CAC339C82AD97F7A00218943 /* HomeScreen.swift */,
			);
			path = Home;
			sourceTree = "<group>";
		};
		CAC9B2472ADA773B0095DCA9 /* Tabs */ = {
			isa = PBXGroup;
			children = (
				CAC9B2482ADA77510095DCA9 /* TabBarView.swift */,
			);
			path = Tabs;
			sourceTree = "<group>";
		};
		CAC9B24A2ADA78640095DCA9 /* Subject */ = {
			isa = PBXGroup;
			children = (
				CAC9B24E2ADA78E60095DCA9 /* SubjectScreen.swift */,
				CA905EFB2ADAB1E500A285AA /* TopicScreen.swift */,
				CA905EFF2ADAB5F600A285AA /* TopicDetailScreen.swift */,
				CA905EF52ADA9F5F00A285AA /* Subject.swift */,
				CA905EF72ADAA96700A285AA /* SubjectViewModel.swift */,
				CA905EFD2ADAB47800A285AA /* TopicViewModel.swift */,
			);
			path = Subject;
			sourceTree = "<group>";
		};
		CAC9B24B2ADA786F0095DCA9 /* Progress */ = {
			isa = PBXGroup;
			children = (
				CAC9B2502ADA78F90095DCA9 /* ProgressScreen.swift */,
				CA905F032ADABF0D00A285AA /* Progress.swift */,
			);
			path = Progress;
			sourceTree = "<group>";
		};
/* End PBXGroup section */

/* Begin PBXNativeTarget section */
		CAC3397D2AD946A400218943 /* SchoolX */ = {
			isa = PBXNativeTarget;
			buildConfigurationList = CAC3398C2AD946A500218943 /* Build configuration list for PBXNativeTarget "SchoolX" */;
			buildPhases = (
				CAC3397A2AD946A400218943 /* Sources */,
				CAC3397B2AD946A400218943 /* Frameworks */,
				CAC3397C2AD946A400218943 /* Resources */,
			);
			buildRules = (
			);
			dependencies = (
			);
			name = SchoolX;
			packageProductDependencies = (
				CAC339952AD953D400218943 /* FirebaseAnalytics */,
				CAC339972AD953D400218943 /* FirebaseAnalyticsOnDeviceConversion */,
				CAC339992AD953D400218943 /* FirebaseAnalyticsSwift */,
				CAC3399B2AD953D400218943 /* FirebaseAnalyticsWithoutAdIdSupport */,
				CAC3399D2AD953D400218943 /* FirebaseAppCheck */,
				CAC339A42AD95DEA00218943 /* FirebaseAuth */,
				CAC339B22AD961A200218943 /* GoogleSignIn */,
				CAC339B42AD961A200218943 /* GoogleSignInSwift */,
				CAC339B72AD96A7500218943 /* Lottie */,
				CAC339B92AD9720A00218943 /* FirebaseFirestore */,
				CAC339BB2AD9720A00218943 /* FirebaseFirestoreSwift */,
			);
			productName = SchoolX;
			productReference = CAC3397E2AD946A400218943 /* SchoolX.app */;
			productType = "com.apple.product-type.application";
		};
/* End PBXNativeTarget section */

/* Begin PBXProject section */
		CAC339762AD946A400218943 /* Project object */ = {
			isa = PBXProject;
			attributes = {
				BuildIndependentTargetsInParallel = 1;
				LastSwiftUpdateCheck = 1500;
				LastUpgradeCheck = 1500;
				TargetAttributes = {
					CAC3397D2AD946A400218943 = {
						CreatedOnToolsVersion = 15.0;
					};
				};
			};
			buildConfigurationList = CAC339792AD946A400218943 /* Build configuration list for PBXProject "SchoolX" */;
			compatibilityVersion = "Xcode 14.0";
			developmentRegion = en;
			hasScannedForEncodings = 0;
			knownRegions = (
				en,
				Base,
			);
			mainGroup = CAC339752AD946A400218943;
			packageReferences = (
				CAC339942AD953D400218943 /* XCRemoteSwiftPackageReference "firebase-ios-sdk" */,
				CAC339B12AD961A200218943 /* XCRemoteSwiftPackageReference "GoogleSignIn-iOS" */,
				CAC339B62AD96A7500218943 /* XCRemoteSwiftPackageReference "lottie-ios" */,
			);
			productRefGroup = CAC3397F2AD946A400218943 /* Products */;
			projectDirPath = "";
			projectRoot = "";
			targets = (
				CAC3397D2AD946A400218943 /* SchoolX */,
			);
		};
/* End PBXProject section */

/* Begin PBXResourcesBuildPhase section */
		CAC3397C2AD946A400218943 /* Resources */ = {
			isa = PBXResourcesBuildPhase;
			buildActionMask = 2147483647;
			files = (
				CAC339892AD946A500218943 /* Preview Assets.xcassets in Resources */,
				CA905F062ADAC87000A285AA /* loading.json in Resources */,
				CAC339D02ADA5E3F00218943 /* GoogleService-Info.plist in Resources */,
				CAC339862AD946A500218943 /* Assets.xcassets in Resources */,
				CAC339C12AD975DB00218943 /* success.json in Resources */,
			);
			runOnlyForDeploymentPostprocessing = 0;
		};
/* End PBXResourcesBuildPhase section */

/* Begin PBXSourcesBuildPhase section */
		CAC3397A2AD946A400218943 /* Sources */ = {
			isa = PBXSourcesBuildPhase;
			buildActionMask = 2147483647;
			files = (
				CAC339B02AD9613600218943 /* SignInGoogleHelper.swift in Sources */,
				CA905EFE2ADAB47800A285AA /* TopicViewModel.swift in Sources */,
				CAC339842AD946A400218943 /* ContentView.swift in Sources */,
				CAC339C92AD97F7A00218943 /* HomeScreen.swift in Sources */,
				CAC339822AD946A400218943 /* SchoolXApp.swift in Sources */,
				CAC339C42AD97C4E00218943 /* AppNavigation.swift in Sources */,
				CA905F042ADABF0D00A285AA /* Progress.swift in Sources */,
				CAC339A72AD95E5300218943 /* SignInAppleHelper.swift in Sources */,
				CAC339A92AD95E6300218943 /* Utils.swift in Sources */,
				CA905EFC2ADAB1E500A285AA /* TopicScreen.swift in Sources */,
				CAC339AB2AD9601F00218943 /* AuthenticationViewModel.swift in Sources */,
				CAC9B2512ADA78F90095DCA9 /* ProgressScreen.swift in Sources */,
				CAC339C62AD97C7E00218943 /* SplashScreen.swift in Sources */,
				CA905F002ADAB5F600A285AA /* TopicDetailScreen.swift in Sources */,
				CAC339BF2AD9750A00218943 /* LottieAnimation.swift in Sources */,
				CAC339AE2AD9606F00218943 /* User.swift in Sources */,
				CAC339A02AD95C3300218943 /* AuthEmailScreen.swift in Sources */,
				CAC339912AD9518A00218943 /* AuthScreen.swift in Sources */,
				CA905EF82ADAA96700A285AA /* SubjectViewModel.swift in Sources */,
				CAC9B2532ADA8FFB0095DCA9 /* EditNameScreen.swift in Sources */,
				CAC9B2492ADA77510095DCA9 /* TabBarView.swift in Sources */,
				CA905EF62ADA9F5F00A285AA /* Subject.swift in Sources */,
				CAC9B24F2ADA78E60095DCA9 /* SubjectScreen.swift in Sources */,
				CAC339A22AD95DD800218943 /* AuthManager.swift in Sources */,
				CAC9B24D2ADA78C40095DCA9 /* ProfileScreen.swift in Sources */,
			);
			runOnlyForDeploymentPostprocessing = 0;
		};
/* End PBXSourcesBuildPhase section */

/* Begin XCBuildConfiguration section */
		CAC3398A2AD946A500218943 /* Debug */ = {
			isa = XCBuildConfiguration;
			buildSettings = {
				ALWAYS_SEARCH_USER_PATHS = NO;
				ASSETCATALOG_COMPILER_GENERATE_SWIFT_ASSET_SYMBOL_EXTENSIONS = YES;
				CLANG_ANALYZER_NONNULL = YES;
				CLANG_ANALYZER_NUMBER_OBJECT_CONVERSION = YES_AGGRESSIVE;
				CLANG_CXX_LANGUAGE_STANDARD = "gnu++20";
				CLANG_ENABLE_MODULES = YES;
				CLANG_ENABLE_OBJC_ARC = YES;
				CLANG_ENABLE_OBJC_WEAK = YES;
				CLANG_WARN_BLOCK_CAPTURE_AUTORELEASING = YES;
				CLANG_WARN_BOOL_CONVERSION = YES;
				CLANG_WARN_COMMA = YES;
				CLANG_WARN_CONSTANT_CONVERSION = YES;
				CLANG_WARN_DEPRECATED_OBJC_IMPLEMENTATIONS = YES;
				CLANG_WARN_DIRECT_OBJC_ISA_USAGE = YES_ERROR;
				CLANG_WARN_DOCUMENTATION_COMMENTS = YES;
				CLANG_WARN_EMPTY_BODY = YES;
				CLANG_WARN_ENUM_CONVERSION = YES;
				CLANG_WARN_INFINITE_RECURSION = YES;
				CLANG_WARN_INT_CONVERSION = YES;
				CLANG_WARN_NON_LITERAL_NULL_CONVERSION = YES;
				CLANG_WARN_OBJC_IMPLICIT_RETAIN_SELF = YES;
				CLANG_WARN_OBJC_LITERAL_CONVERSION = YES;
				CLANG_WARN_OBJC_ROOT_CLASS = YES_ERROR;
				CLANG_WARN_QUOTED_INCLUDE_IN_FRAMEWORK_HEADER = YES;
				CLANG_WARN_RANGE_LOOP_ANALYSIS = YES;
				CLANG_WARN_STRICT_PROTOTYPES = YES;
				CLANG_WARN_SUSPICIOUS_MOVE = YES;
				CLANG_WARN_UNGUARDED_AVAILABILITY = YES_AGGRESSIVE;
				CLANG_WARN_UNREACHABLE_CODE = YES;
				CLANG_WARN__DUPLICATE_METHOD_MATCH = YES;
				COPY_PHASE_STRIP = NO;
				DEBUG_INFORMATION_FORMAT = dwarf;
				ENABLE_STRICT_OBJC_MSGSEND = YES;
				ENABLE_TESTABILITY = YES;
				ENABLE_USER_SCRIPT_SANDBOXING = YES;
				GCC_C_LANGUAGE_STANDARD = gnu17;
				GCC_DYNAMIC_NO_PIC = NO;
				GCC_NO_COMMON_BLOCKS = YES;
				GCC_OPTIMIZATION_LEVEL = 0;
				GCC_PREPROCESSOR_DEFINITIONS = (
					"DEBUG=1",
					"$(inherited)",
				);
				GCC_WARN_64_TO_32_BIT_CONVERSION = YES;
				GCC_WARN_ABOUT_RETURN_TYPE = YES_ERROR;
				GCC_WARN_UNDECLARED_SELECTOR = YES;
				GCC_WARN_UNINITIALIZED_AUTOS = YES_AGGRESSIVE;
				GCC_WARN_UNUSED_FUNCTION = YES;
				GCC_WARN_UNUSED_VARIABLE = YES;
				IPHONEOS_DEPLOYMENT_TARGET = 17.0;
				LOCALIZATION_PREFERS_STRING_CATALOGS = YES;
				MTL_ENABLE_DEBUG_INFO = INCLUDE_SOURCE;
				MTL_FAST_MATH = YES;
				ONLY_ACTIVE_ARCH = YES;
				SDKROOT = iphoneos;
				SWIFT_ACTIVE_COMPILATION_CONDITIONS = "DEBUG $(inherited)";
				SWIFT_OPTIMIZATION_LEVEL = "-Onone";
			};
			name = Debug;
		};
		CAC3398B2AD946A500218943 /* Release */ = {
			isa = XCBuildConfiguration;
			buildSettings = {
				ALWAYS_SEARCH_USER_PATHS = NO;
				ASSETCATALOG_COMPILER_GENERATE_SWIFT_ASSET_SYMBOL_EXTENSIONS = YES;
				CLANG_ANALYZER_NONNULL = YES;
				CLANG_ANALYZER_NUMBER_OBJECT_CONVERSION = YES_AGGRESSIVE;
				CLANG_CXX_LANGUAGE_STANDARD = "gnu++20";
				CLANG_ENABLE_MODULES = YES;
				CLANG_ENABLE_OBJC_ARC = YES;
				CLANG_ENABLE_OBJC_WEAK = YES;
				CLANG_WARN_BLOCK_CAPTURE_AUTORELEASING = YES;
				CLANG_WARN_BOOL_CONVERSION = YES;
				CLANG_WARN_COMMA = YES;
				CLANG_WARN_CONSTANT_CONVERSION = YES;
				CLANG_WARN_DEPRECATED_OBJC_IMPLEMENTATIONS = YES;
				CLANG_WARN_DIRECT_OBJC_ISA_USAGE = YES_ERROR;
				CLANG_WARN_DOCUMENTATION_COMMENTS = YES;
				CLANG_WARN_EMPTY_BODY = YES;
				CLANG_WARN_ENUM_CONVERSION = YES;
				CLANG_WARN_INFINITE_RECURSION = YES;
				CLANG_WARN_INT_CONVERSION = YES;
				CLANG_WARN_NON_LITERAL_NULL_CONVERSION = YES;
				CLANG_WARN_OBJC_IMPLICIT_RETAIN_SELF = YES;
				CLANG_WARN_OBJC_LITERAL_CONVERSION = YES;
				CLANG_WARN_OBJC_ROOT_CLASS = YES_ERROR;
				CLANG_WARN_QUOTED_INCLUDE_IN_FRAMEWORK_HEADER = YES;
				CLANG_WARN_RANGE_LOOP_ANALYSIS = YES;
				CLANG_WARN_STRICT_PROTOTYPES = YES;
				CLANG_WARN_SUSPICIOUS_MOVE = YES;
				CLANG_WARN_UNGUARDED_AVAILABILITY = YES_AGGRESSIVE;
				CLANG_WARN_UNREACHABLE_CODE = YES;
				CLANG_WARN__DUPLICATE_METHOD_MATCH = YES;
				COPY_PHASE_STRIP = NO;
				DEBUG_INFORMATION_FORMAT = "dwarf-with-dsym";
				ENABLE_NS_ASSERTIONS = NO;
				ENABLE_STRICT_OBJC_MSGSEND = YES;
				ENABLE_USER_SCRIPT_SANDBOXING = YES;
				GCC_C_LANGUAGE_STANDARD = gnu17;
				GCC_NO_COMMON_BLOCKS = YES;
				GCC_WARN_64_TO_32_BIT_CONVERSION = YES;
				GCC_WARN_ABOUT_RETURN_TYPE = YES_ERROR;
				GCC_WARN_UNDECLARED_SELECTOR = YES;
				GCC_WARN_UNINITIALIZED_AUTOS = YES_AGGRESSIVE;
				GCC_WARN_UNUSED_FUNCTION = YES;
				GCC_WARN_UNUSED_VARIABLE = YES;
				IPHONEOS_DEPLOYMENT_TARGET = 17.0;
				LOCALIZATION_PREFERS_STRING_CATALOGS = YES;
				MTL_ENABLE_DEBUG_INFO = NO;
				MTL_FAST_MATH = YES;
				SDKROOT = iphoneos;
				SWIFT_COMPILATION_MODE = wholemodule;
				VALIDATE_PRODUCT = YES;
			};
			name = Release;
		};
		CAC3398D2AD946A500218943 /* Debug */ = {
			isa = XCBuildConfiguration;
			buildSettings = {
				ASSETCATALOG_COMPILER_APPICON_NAME = AppIcon;
				ASSETCATALOG_COMPILER_GLOBAL_ACCENT_COLOR_NAME = AccentColor;
				CODE_SIGN_ENTITLEMENTS = SchoolX/SchoolX.entitlements;
				CODE_SIGN_STYLE = Automatic;
				CURRENT_PROJECT_VERSION = 1;
				DEVELOPMENT_ASSET_PATHS = "\"SchoolX/Preview Content\"";
				DEVELOPMENT_TEAM = F3SX4NC8FR;
				ENABLE_PREVIEWS = YES;
				GENERATE_INFOPLIST_FILE = YES;
				INFOPLIST_FILE = SchoolX/Info.plist;
				INFOPLIST_KEY_UIApplicationSceneManifest_Generation = YES;
				INFOPLIST_KEY_UIApplicationSupportsIndirectInputEvents = YES;
				INFOPLIST_KEY_UILaunchScreen_Generation = YES;
				INFOPLIST_KEY_UISupportedInterfaceOrientations_iPad = "UIInterfaceOrientationPortrait UIInterfaceOrientationPortraitUpsideDown UIInterfaceOrientationLandscapeLeft UIInterfaceOrientationLandscapeRight";
				INFOPLIST_KEY_UISupportedInterfaceOrientations_iPhone = "UIInterfaceOrientationPortrait UIInterfaceOrientationLandscapeLeft UIInterfaceOrientationLandscapeRight";
				LD_RUNPATH_SEARCH_PATHS = (
					"$(inherited)",
					"@executable_path/Frameworks",
				);
				MARKETING_VERSION = 1.0;
				PRODUCT_BUNDLE_IDENTIFIER = "com.swiftdiary.School-X";
				PRODUCT_NAME = "$(TARGET_NAME)";
				SWIFT_EMIT_LOC_STRINGS = YES;
				SWIFT_VERSION = 5.0;
				TARGETED_DEVICE_FAMILY = "1,2";
			};
			name = Debug;
		};
		CAC3398E2AD946A500218943 /* Release */ = {
			isa = XCBuildConfiguration;
			buildSettings = {
				ASSETCATALOG_COMPILER_APPICON_NAME = AppIcon;
				ASSETCATALOG_COMPILER_GLOBAL_ACCENT_COLOR_NAME = AccentColor;
				CODE_SIGN_ENTITLEMENTS = SchoolX/SchoolX.entitlements;
				CODE_SIGN_STYLE = Automatic;
				CURRENT_PROJECT_VERSION = 1;
				DEVELOPMENT_ASSET_PATHS = "\"SchoolX/Preview Content\"";
				DEVELOPMENT_TEAM = F3SX4NC8FR;
				ENABLE_PREVIEWS = YES;
				GENERATE_INFOPLIST_FILE = YES;
				INFOPLIST_FILE = SchoolX/Info.plist;
				INFOPLIST_KEY_UIApplicationSceneManifest_Generation = YES;
				INFOPLIST_KEY_UIApplicationSupportsIndirectInputEvents = YES;
				INFOPLIST_KEY_UILaunchScreen_Generation = YES;
				INFOPLIST_KEY_UISupportedInterfaceOrientations_iPad = "UIInterfaceOrientationPortrait UIInterfaceOrientationPortraitUpsideDown UIInterfaceOrientationLandscapeLeft UIInterfaceOrientationLandscapeRight";
				INFOPLIST_KEY_UISupportedInterfaceOrientations_iPhone = "UIInterfaceOrientationPortrait UIInterfaceOrientationLandscapeLeft UIInterfaceOrientationLandscapeRight";
				LD_RUNPATH_SEARCH_PATHS = (
					"$(inherited)",
					"@executable_path/Frameworks",
				);
				MARKETING_VERSION = 1.0;
				PRODUCT_BUNDLE_IDENTIFIER = "com.swiftdiary.School-X";
				PRODUCT_NAME = "$(TARGET_NAME)";
				SWIFT_EMIT_LOC_STRINGS = YES;
				SWIFT_VERSION = 5.0;
				TARGETED_DEVICE_FAMILY = "1,2";
			};
			name = Release;
		};
/* End XCBuildConfiguration section */

/* Begin XCConfigurationList section */
		CAC339792AD946A400218943 /* Build configuration list for PBXProject "SchoolX" */ = {
			isa = XCConfigurationList;
			buildConfigurations = (
				CAC3398A2AD946A500218943 /* Debug */,
				CAC3398B2AD946A500218943 /* Release */,
			);
			defaultConfigurationIsVisible = 0;
			defaultConfigurationName = Release;
		};
		CAC3398C2AD946A500218943 /* Build configuration list for PBXNativeTarget "SchoolX" */ = {
			isa = XCConfigurationList;
			buildConfigurations = (
				CAC3398D2AD946A500218943 /* Debug */,
				CAC3398E2AD946A500218943 /* Release */,
			);
			defaultConfigurationIsVisible = 0;
			defaultConfigurationName = Release;
		};
/* End XCConfigurationList section */

/* Begin XCRemoteSwiftPackageReference section */
		CAC339942AD953D400218943 /* XCRemoteSwiftPackageReference "firebase-ios-sdk" */ = {
			isa = XCRemoteSwiftPackageReference;
			repositoryURL = "https://github.com/firebase/firebase-ios-sdk";
			requirement = {
				kind = upToNextMajorVersion;
				minimumVersion = 10.16.0;
			};
		};
		CAC339B12AD961A200218943 /* XCRemoteSwiftPackageReference "GoogleSignIn-iOS" */ = {
			isa = XCRemoteSwiftPackageReference;
			repositoryURL = "https://github.com/google/GoogleSignIn-iOS.git";
			requirement = {
				kind = upToNextMajorVersion;
				minimumVersion = 7.0.0;
			};
		};
		CAC339B62AD96A7500218943 /* XCRemoteSwiftPackageReference "lottie-ios" */ = {
			isa = XCRemoteSwiftPackageReference;
			repositoryURL = "https://github.com/airbnb/lottie-ios.git";
			requirement = {
				kind = upToNextMajorVersion;
				minimumVersion = 4.3.3;
			};
		};
/* End XCRemoteSwiftPackageReference section */

/* Begin XCSwiftPackageProductDependency section */
		CAC339952AD953D400218943 /* FirebaseAnalytics */ = {
			isa = XCSwiftPackageProductDependency;
			package = CAC339942AD953D400218943 /* XCRemoteSwiftPackageReference "firebase-ios-sdk" */;
			productName = FirebaseAnalytics;
		};
		CAC339972AD953D400218943 /* FirebaseAnalyticsOnDeviceConversion */ = {
			isa = XCSwiftPackageProductDependency;
			package = CAC339942AD953D400218943 /* XCRemoteSwiftPackageReference "firebase-ios-sdk" */;
			productName = FirebaseAnalyticsOnDeviceConversion;
		};
		CAC339992AD953D400218943 /* FirebaseAnalyticsSwift */ = {
			isa = XCSwiftPackageProductDependency;
			package = CAC339942AD953D400218943 /* XCRemoteSwiftPackageReference "firebase-ios-sdk" */;
			productName = FirebaseAnalyticsSwift;
		};
		CAC3399B2AD953D400218943 /* FirebaseAnalyticsWithoutAdIdSupport */ = {
			isa = XCSwiftPackageProductDependency;
			package = CAC339942AD953D400218943 /* XCRemoteSwiftPackageReference "firebase-ios-sdk" */;
			productName = FirebaseAnalyticsWithoutAdIdSupport;
		};
		CAC3399D2AD953D400218943 /* FirebaseAppCheck */ = {
			isa = XCSwiftPackageProductDependency;
			package = CAC339942AD953D400218943 /* XCRemoteSwiftPackageReference "firebase-ios-sdk" */;
			productName = FirebaseAppCheck;
		};
		CAC339A42AD95DEA00218943 /* FirebaseAuth */ = {
			isa = XCSwiftPackageProductDependency;
			package = CAC339942AD953D400218943 /* XCRemoteSwiftPackageReference "firebase-ios-sdk" */;
			productName = FirebaseAuth;
		};
		CAC339B22AD961A200218943 /* GoogleSignIn */ = {
			isa = XCSwiftPackageProductDependency;
			package = CAC339B12AD961A200218943 /* XCRemoteSwiftPackageReference "GoogleSignIn-iOS" */;
			productName = GoogleSignIn;
		};
		CAC339B42AD961A200218943 /* GoogleSignInSwift */ = {
			isa = XCSwiftPackageProductDependency;
			package = CAC339B12AD961A200218943 /* XCRemoteSwiftPackageReference "GoogleSignIn-iOS" */;
			productName = GoogleSignInSwift;
		};
		CAC339B72AD96A7500218943 /* Lottie */ = {
			isa = XCSwiftPackageProductDependency;
			package = CAC339B62AD96A7500218943 /* XCRemoteSwiftPackageReference "lottie-ios" */;
			productName = Lottie;
		};
		CAC339B92AD9720A00218943 /* FirebaseFirestore */ = {
			isa = XCSwiftPackageProductDependency;
			package = CAC339942AD953D400218943 /* XCRemoteSwiftPackageReference "firebase-ios-sdk" */;
			productName = FirebaseFirestore;
		};
		CAC339BB2AD9720A00218943 /* FirebaseFirestoreSwift */ = {
			isa = XCSwiftPackageProductDependency;
			package = CAC339942AD953D400218943 /* XCRemoteSwiftPackageReference "firebase-ios-sdk" */;
			productName = FirebaseFirestoreSwift;
		};
/* End XCSwiftPackageProductDependency section */
	};
	rootObject = CAC339762AD946A400218943 /* Project object */;
}
